// !$*UTF8*$!
{
	archiveVersion = 1;
	classes = {
	};
	objectVersion = 56;
	objects = {

/* Begin PBXFileReference section */
		308C7B572A41E17100DEE178 /* Main.playground */ = {isa = PBXFileReference; lastKnownFileType = file.playground; path = Main.playground; sourceTree = "<group>"; xcLanguageSpecificationIdentifier = xcode.lang.swift; };
/* End PBXFileReference section */

/* Begin PBXGroup section */
		308C7B4D2A41D71A00DEE178 = {
			isa = PBXGroup;
			children = (
				308C7B572A41E17100DEE178 /* Main.playground */,
			);
			sourceTree = "<group>";
		};
/* End PBXGroup section */

/* Begin PBXProject section */
		308C7B4E2A41D71A00DEE178 /* Project object */ = {
			isa = PBXProject;
			attributes = {
				BuildIndependentTargetsInParallel = 1;
				LastUpgradeCheck = 1420;
			};
			buildConfigurationList = 308C7B512A41D71A00DEE178 /* Build configuration list for PBXProject "StacksAndQueues" */;
			compatibilityVersion = "Xcode 14.0";
			developmentRegion = en;
			hasScannedForEncodings = 0;
			knownRegions = (
				en,
				Base,
			);
			mainGroup = 308C7B4D2A41D71A00DEE178;
			projectDirPath = "";
			projectRoot = "";
			targets = (
			);
		};
/* End PBXProject section */

/* Begin XCBuildConfiguration section */
		308C7B522A41D71A00DEE178 /* Debug */ = {
			isa = XCBuildConfiguration;
			buildSettings = {
			};
			name = Debug;
		};
		308C7B532A41D71A00DEE178 /* Release */ = {
			isa = XCBuildConfiguration;
			buildSettings = {
			};
			name = Release;
		};
/* End XCBuildConfiguration section */

/* Begin XCConfigurationList section */
		308C7B512A41D71A00DEE178 /* Build configuration list for PBXProject "StacksAndQueues" */ = {
			isa = XCConfigurationList;
			buildConfigurations = (
				308C7B522A41D71A00DEE178 /* Debug */,
				308C7B532A41D71A00DEE178 /* Release */,
			);
			defaultConfigurationIsVisible = 0;
			defaultConfigurationName = Release;
		};
/* End XCConfigurationList section */
	};
	rootObject = 308C7B4E2A41D71A00DEE178 /* Project object */;
}
